# This file was autogenerated by Stack.
# You should not edit this file by hand.
# For more information, please see the documentation at:
#   https://docs.haskellstack.org/en/stable/lock_files

packages:
- completed:
    commit: 4f957f7d1fb75f547503dd2a6a04f6c9f206aa71
    git: https://github.com/IamfromSpace/openai-hs
    name: openai-hs
    pantry-tree:
      sha256: 1f4a35b705e2e8904a0ff81dbe9ffd9ba78aa977b1caa44d742dc91bc1213c9a
      size: 660
    subdir: openai-hs
    version: 0.2.2.0
  original:
    commit: 4f957f7d1fb75f547503dd2a6a04f6c9f206aa71
    git: https://github.com/IamfromSpace/openai-hs
    subdir: openai-hs
- completed:
    commit: 4f957f7d1fb75f547503dd2a6a04f6c9f206aa71
    git: https://github.com/IamfromSpace/openai-hs
    name: openai-servant
    pantry-tree:
      sha256: fd62f27a92c63e527585676538e9c3498e192e350606d7d67b4aa0bee7fdc263
      size: 549
    subdir: openai-servant
    version: 0.2.4.0
  original:
    commit: 4f957f7d1fb75f547503dd2a6a04f6c9f206aa71
    git: https://github.com/IamfromSpace/openai-hs
    subdir: openai-servant
snapshots:
- completed:
    sha256: 7f47507fd037228a8d23cf830f5844e1f006221acebdd7cb49f2f5fb561e0546
    size: 619161
    url: https://raw.githubusercontent.com/commercialhaskell/stackage-snapshots/master/lts/19/17.yaml
  original:
    url: https://raw.githubusercontent.com/commercialhaskell/stackage-snapshots/master/lts/19/17.yaml
